// !$*UTF8*$!
{
	archiveVersion = 1;
	classes = {
	};
	objectVersion = 55;
	objects = {

/* Begin PBXBuildFile section */
		612E2DCB296D83A3007AFE35 /* NavigationController.swift in Sources */ = {isa = PBXBuildFile; fileRef = 612E2DCA296D83A3007AFE35 /* NavigationController.swift */; };
		612E2DCD296D850E007AFE35 /* ListView.swift in Sources */ = {isa = PBXBuildFile; fileRef = 612E2DCC296D850E007AFE35 /* ListView.swift */; };
		612E2DD0296D85C0007AFE35 /* UIView+Extensions.swift in Sources */ = {isa = PBXBuildFile; fileRef = 612E2DCF296D85C0007AFE35 /* UIView+Extensions.swift */; };
		612E2DD2296D85FC007AFE35 /* UIColor+Extensions.swift in Sources */ = {isa = PBXBuildFile; fileRef = 612E2DD1296D85FC007AFE35 /* UIColor+Extensions.swift */; };
		612E2DD4296D88B0007AFE35 /* ListViewCell.swift in Sources */ = {isa = PBXBuildFile; fileRef = 612E2DD3296D88B0007AFE35 /* ListViewCell.swift */; };
		612E2DD6296D8DEC007AFE35 /* ListController.swift in Sources */ = {isa = PBXBuildFile; fileRef = 612E2DD5296D8DEC007AFE35 /* ListController.swift */; };
		612E2DD8296D8E00007AFE35 /* ListPresenter.swift in Sources */ = {isa = PBXBuildFile; fileRef = 612E2DD7296D8E00007AFE35 /* ListPresenter.swift */; };
		612E2DDA296D91BC007AFE35 /* CoreDataManager.swift in Sources */ = {isa = PBXBuildFile; fileRef = 612E2DD9296D91BC007AFE35 /* CoreDataManager.swift */; };
		612E2DDC296D9701007AFE35 /* EventView.swift in Sources */ = {isa = PBXBuildFile; fileRef = 612E2DDB296D9701007AFE35 /* EventView.swift */; };
		612E2DDE296D9B3C007AFE35 /* EventNameCell.swift in Sources */ = {isa = PBXBuildFile; fileRef = 612E2DDD296D9B3C007AFE35 /* EventNameCell.swift */; };
		612E2DE0296D9C7A007AFE35 /* EventDescriptionCell.swift in Sources */ = {isa = PBXBuildFile; fileRef = 612E2DDF296D9C7A007AFE35 /* EventDescriptionCell.swift */; };
		612E2DE2296D9CD4007AFE35 /* CalendarCell.swift in Sources */ = {isa = PBXBuildFile; fileRef = 612E2DE1296D9CD4007AFE35 /* CalendarCell.swift */; };
		612E2DE5296D9E1B007AFE35 /* EventController.swift in Sources */ = {isa = PBXBuildFile; fileRef = 612E2DE4296D9E1B007AFE35 /* EventController.swift */; };
		612E2DE7296D9E6C007AFE35 /* EventPresenter.swift in Sources */ = {isa = PBXBuildFile; fileRef = 612E2DE6296D9E6C007AFE35 /* EventPresenter.swift */; };
		6172AEEA28CA052E00888452 /* DateRange.swift in Sources */ = {isa = PBXBuildFile; fileRef = 6172AEE928CA052E00888452 /* DateRange.swift */; };
		61A9EA3828C88EFF0070C5AD /* AppDelegate.swift in Sources */ = {isa = PBXBuildFile; fileRef = 61A9EA3728C88EFF0070C5AD /* AppDelegate.swift */; };
		61A9EA3A28C88EFF0070C5AD /* SceneDelegate.swift in Sources */ = {isa = PBXBuildFile; fileRef = 61A9EA3928C88EFF0070C5AD /* SceneDelegate.swift */; };
		61A9EA4228C88EFF0070C5AD /* FinalCountdown.xcdatamodeld in Sources */ = {isa = PBXBuildFile; fileRef = 61A9EA4028C88EFF0070C5AD /* FinalCountdown.xcdatamodeld */; };
		61A9EA4428C88F050070C5AD /* Assets.xcassets in Resources */ = {isa = PBXBuildFile; fileRef = 61A9EA4328C88F050070C5AD /* Assets.xcassets */; };
		61A9EA4728C88F050070C5AD /* LaunchScreen.storyboard in Resources */ = {isa = PBXBuildFile; fileRef = 61A9EA4528C88F050070C5AD /* LaunchScreen.storyboard */; };
		61A9EA5328C8913F0070C5AD /* State.swift in Sources */ = {isa = PBXBuildFile; fileRef = 61A9EA5228C8913F0070C5AD /* State.swift */; };
/* End PBXBuildFile section */

/* Begin PBXFileReference section */
		612E2DCA296D83A3007AFE35 /* NavigationController.swift */ = {isa = PBXFileReference; lastKnownFileType = sourcecode.swift; path = NavigationController.swift; sourceTree = "<group>"; };
		612E2DCC296D850E007AFE35 /* ListView.swift */ = {isa = PBXFileReference; lastKnownFileType = sourcecode.swift; path = ListView.swift; sourceTree = "<group>"; };
		612E2DCF296D85C0007AFE35 /* UIView+Extensions.swift */ = {isa = PBXFileReference; lastKnownFileType = sourcecode.swift; path = "UIView+Extensions.swift"; sourceTree = "<group>"; };
		612E2DD1296D85FC007AFE35 /* UIColor+Extensions.swift */ = {isa = PBXFileReference; lastKnownFileType = sourcecode.swift; path = "UIColor+Extensions.swift"; sourceTree = "<group>"; };
		612E2DD3296D88B0007AFE35 /* ListViewCell.swift */ = {isa = PBXFileReference; lastKnownFileType = sourcecode.swift; path = ListViewCell.swift; sourceTree = "<group>"; };
		612E2DD5296D8DEC007AFE35 /* ListController.swift */ = {isa = PBXFileReference; lastKnownFileType = sourcecode.swift; path = ListController.swift; sourceTree = "<group>"; };
		612E2DD7296D8E00007AFE35 /* ListPresenter.swift */ = {isa = PBXFileReference; lastKnownFileType = sourcecode.swift; path = ListPresenter.swift; sourceTree = "<group>"; };
		612E2DD9296D91BC007AFE35 /* CoreDataManager.swift */ = {isa = PBXFileReference; lastKnownFileType = sourcecode.swift; path = CoreDataManager.swift; sourceTree = "<group>"; };
		612E2DDB296D9701007AFE35 /* EventView.swift */ = {isa = PBXFileReference; lastKnownFileType = sourcecode.swift; path = EventView.swift; sourceTree = "<group>"; };
		612E2DDD296D9B3C007AFE35 /* EventNameCell.swift */ = {isa = PBXFileReference; lastKnownFileType = sourcecode.swift; path = EventNameCell.swift; sourceTree = "<group>"; };
		612E2DDF296D9C7A007AFE35 /* EventDescriptionCell.swift */ = {isa = PBXFileReference; lastKnownFileType = sourcecode.swift; path = EventDescriptionCell.swift; sourceTree = "<group>"; };
		612E2DE1296D9CD4007AFE35 /* CalendarCell.swift */ = {isa = PBXFileReference; lastKnownFileType = sourcecode.swift; path = CalendarCell.swift; sourceTree = "<group>"; };
		612E2DE4296D9E1B007AFE35 /* EventController.swift */ = {isa = PBXFileReference; lastKnownFileType = sourcecode.swift; name = EventController.swift; path = ../../../../../../Downloads/EventController.swift; sourceTree = "<group>"; };
		612E2DE6296D9E6C007AFE35 /* EventPresenter.swift */ = {isa = PBXFileReference; lastKnownFileType = sourcecode.swift; path = EventPresenter.swift; sourceTree = "<group>"; };
		6172AEE928CA052E00888452 /* DateRange.swift */ = {isa = PBXFileReference; lastKnownFileType = sourcecode.swift; path = DateRange.swift; sourceTree = "<group>"; };
		61A9EA3428C88EFF0070C5AD /* FinalCountdown.app */ = {isa = PBXFileReference; explicitFileType = wrapper.application; includeInIndex = 0; path = FinalCountdown.app; sourceTree = BUILT_PRODUCTS_DIR; };
		61A9EA3728C88EFF0070C5AD /* AppDelegate.swift */ = {isa = PBXFileReference; lastKnownFileType = sourcecode.swift; path = AppDelegate.swift; sourceTree = "<group>"; };
		61A9EA3928C88EFF0070C5AD /* SceneDelegate.swift */ = {isa = PBXFileReference; lastKnownFileType = sourcecode.swift; path = SceneDelegate.swift; sourceTree = "<group>"; };
		61A9EA4128C88EFF0070C5AD /* FinalCountdown.xcdatamodel */ = {isa = PBXFileReference; lastKnownFileType = wrapper.xcdatamodel; path = FinalCountdown.xcdatamodel; sourceTree = "<group>"; };
		61A9EA4328C88F050070C5AD /* Assets.xcassets */ = {isa = PBXFileReference; lastKnownFileType = folder.assetcatalog; path = Assets.xcassets; sourceTree = "<group>"; };
		61A9EA4628C88F050070C5AD /* Base */ = {isa = PBXFileReference; lastKnownFileType = file.storyboard; name = Base; path = Base.lproj/LaunchScreen.storyboard; sourceTree = "<group>"; };
		61A9EA4828C88F050070C5AD /* Info.plist */ = {isa = PBXFileReference; lastKnownFileType = text.plist.xml; path = Info.plist; sourceTree = "<group>"; };
		61A9EA5228C8913F0070C5AD /* State.swift */ = {isa = PBXFileReference; lastKnownFileType = sourcecode.swift; path = State.swift; sourceTree = "<group>"; };
/* End PBXFileReference section */

/* Begin PBXFrameworksBuildPhase section */
		61A9EA3128C88EFF0070C5AD /* Frameworks */ = {
			isa = PBXFrameworksBuildPhase;
			buildActionMask = 2147483647;
			files = (
			);
			runOnlyForDeploymentPostprocessing = 0;
		};
/* End PBXFrameworksBuildPhase section */

/* Begin PBXGroup section */
		612E2DC9296D8155007AFE35 /* Presenter */ = {
			isa = PBXGroup;
			children = (
				612E2DD7296D8E00007AFE35 /* ListPresenter.swift */,
				612E2DE6296D9E6C007AFE35 /* EventPresenter.swift */,
			);
			path = Presenter;
			sourceTree = "<group>";
		};
		612E2DCE296D85AD007AFE35 /* Helpers */ = {
			isa = PBXGroup;
			children = (
				612E2DCF296D85C0007AFE35 /* UIView+Extensions.swift */,
				612E2DD1296D85FC007AFE35 /* UIColor+Extensions.swift */,
			);
			path = Helpers;
			sourceTree = "<group>";
		};
		612E2DE3296D9D99007AFE35 /* Cells */ = {
			isa = PBXGroup;
			children = (
				612E2DD3296D88B0007AFE35 /* ListViewCell.swift */,
				612E2DDD296D9B3C007AFE35 /* EventNameCell.swift */,
				612E2DDF296D9C7A007AFE35 /* EventDescriptionCell.swift */,
				612E2DE1296D9CD4007AFE35 /* CalendarCell.swift */,
			);
			path = Cells;
			sourceTree = "<group>";
		};
		61A9EA2B28C88EFF0070C5AD = {
			isa = PBXGroup;
			children = (
				61A9EA3628C88EFF0070C5AD /* FinalCountdown */,
				61A9EA3528C88EFF0070C5AD /* Products */,
			);
			sourceTree = "<group>";
		};
		61A9EA3528C88EFF0070C5AD /* Products */ = {
			isa = PBXGroup;
			children = (
				61A9EA3428C88EFF0070C5AD /* FinalCountdown.app */,
			);
			name = Products;
			sourceTree = "<group>";
		};
		61A9EA3628C88EFF0070C5AD /* FinalCountdown */ = {
			isa = PBXGroup;
			children = (
				61A9EA5128C88F300070C5AD /* Model */,
				61A9EA5028C88F2C0070C5AD /* View */,
				61A9EA4F28C88F230070C5AD /* Controller */,
				612E2DC9296D8155007AFE35 /* Presenter */,
				61A9EA4E28C88F120070C5AD /* Supporting Files */,
			);
			path = FinalCountdown;
			sourceTree = "<group>";
		};
		61A9EA4E28C88F120070C5AD /* Supporting Files */ = {
			isa = PBXGroup;
			children = (
				612E2DCE296D85AD007AFE35 /* Helpers */,
				61A9EA3728C88EFF0070C5AD /* AppDelegate.swift */,
				61A9EA3928C88EFF0070C5AD /* SceneDelegate.swift */,
				61A9EA4328C88F050070C5AD /* Assets.xcassets */,
				61A9EA4828C88F050070C5AD /* Info.plist */,
			);
			path = "Supporting Files";
			sourceTree = "<group>";
		};
		61A9EA4F28C88F230070C5AD /* Controller */ = {
			isa = PBXGroup;
			children = (
				612E2DCA296D83A3007AFE35 /* NavigationController.swift */,
				612E2DD5296D8DEC007AFE35 /* ListController.swift */,
				612E2DE4296D9E1B007AFE35 /* EventController.swift */,
			);
			path = Controller;
			sourceTree = "<group>";
		};
		61A9EA5028C88F2C0070C5AD /* View */ = {
			isa = PBXGroup;
			children = (
				612E2DE3296D9D99007AFE35 /* Cells */,
				61A9EA4528C88F050070C5AD /* LaunchScreen.storyboard */,
				612E2DCC296D850E007AFE35 /* ListView.swift */,
				612E2DDB296D9701007AFE35 /* EventView.swift */,
			);
			path = View;
			sourceTree = "<group>";
		};
		61A9EA5128C88F300070C5AD /* Model */ = {
			isa = PBXGroup;
			children = (
				61A9EA4028C88EFF0070C5AD /* FinalCountdown.xcdatamodeld */,
				61A9EA5228C8913F0070C5AD /* State.swift */,
				6172AEE928CA052E00888452 /* DateRange.swift */,
				612E2DD9296D91BC007AFE35 /* CoreDataManager.swift */,
			);
			path = Model;
			sourceTree = "<group>";
		};
/* End PBXGroup section */

/* Begin PBXNativeTarget section */
		61A9EA3328C88EFF0070C5AD /* FinalCountdown */ = {
			isa = PBXNativeTarget;
			buildConfigurationList = 61A9EA4B28C88F050070C5AD /* Build configuration list for PBXNativeTarget "FinalCountdown" */;
			buildPhases = (
				61A9EA3028C88EFF0070C5AD /* Sources */,
				61A9EA3128C88EFF0070C5AD /* Frameworks */,
				61A9EA3228C88EFF0070C5AD /* Resources */,
				6198C6BF297029F800C0B989 /* ShellScript */,
			);
			buildRules = (
			);
			dependencies = (
			);
			name = FinalCountdown;
			productName = FinalCountdown;
			productReference = 61A9EA3428C88EFF0070C5AD /* FinalCountdown.app */;
			productType = "com.apple.product-type.application";
		};
/* End PBXNativeTarget section */

/* Begin PBXProject section */
		61A9EA2C28C88EFF0070C5AD /* Project object */ = {
			isa = PBXProject;
			attributes = {
				BuildIndependentTargetsInParallel = 1;
				LastSwiftUpdateCheck = 1340;
				LastUpgradeCheck = 1340;
				TargetAttributes = {
					61A9EA3328C88EFF0070C5AD = {
						CreatedOnToolsVersion = 13.4.1;
					};
				};
			};
			buildConfigurationList = 61A9EA2F28C88EFF0070C5AD /* Build configuration list for PBXProject "FinalCountdown" */;
			compatibilityVersion = "Xcode 13.0";
			developmentRegion = en;
			hasScannedForEncodings = 0;
			knownRegions = (
				en,
				Base,
			);
			mainGroup = 61A9EA2B28C88EFF0070C5AD;
			productRefGroup = 61A9EA3528C88EFF0070C5AD /* Products */;
			projectDirPath = "";
			projectRoot = "";
			targets = (
				61A9EA3328C88EFF0070C5AD /* FinalCountdown */,
			);
		};
/* End PBXProject section */

/* Begin PBXResourcesBuildPhase section */
		61A9EA3228C88EFF0070C5AD /* Resources */ = {
			isa = PBXResourcesBuildPhase;
			buildActionMask = 2147483647;
			files = (
				61A9EA4728C88F050070C5AD /* LaunchScreen.storyboard in Resources */,
				61A9EA4428C88F050070C5AD /* Assets.xcassets in Resources */,
			);
			runOnlyForDeploymentPostprocessing = 0;
		};
/* End PBXResourcesBuildPhase section */

/* Begin PBXShellScriptBuildPhase section */
		6198C6BF297029F800C0B989 /* ShellScript */ = {
			isa = PBXShellScriptBuildPhase;
			alwaysOutOfDate = 1;
			buildActionMask = 2147483647;
			files = (
			);
			inputFileListPaths = (
			);
			inputPaths = (
			);
			outputFileListPaths = (
			);
			outputPaths = (
			);
			runOnlyForDeploymentPostprocessing = 0;
			shellPath = /bin/sh;
			shellScript = "if which swiftlint > /dev/null; then\n  swiftlint\nelse\n  echo \"warning: SwiftLint not installed, download from https://github.com/realm/SwiftLint\"\nfi\n";
		};
/* End PBXShellScriptBuildPhase section */

/* Begin PBXSourcesBuildPhase section */
		61A9EA3028C88EFF0070C5AD /* Sources */ = {
			isa = PBXSourcesBuildPhase;
			buildActionMask = 2147483647;
			files = (
				612E2DE2296D9CD4007AFE35 /* CalendarCell.swift in Sources */,
				612E2DDE296D9B3C007AFE35 /* EventNameCell.swift in Sources */,
				612E2DD8296D8E00007AFE35 /* ListPresenter.swift in Sources */,
				612E2DDC296D9701007AFE35 /* EventView.swift in Sources */,
				61A9EA3828C88EFF0070C5AD /* AppDelegate.swift in Sources */,
				612E2DDA296D91BC007AFE35 /* CoreDataManager.swift in Sources */,
				612E2DD2296D85FC007AFE35 /* UIColor+Extensions.swift in Sources */,
				61A9EA4228C88EFF0070C5AD /* FinalCountdown.xcdatamodeld in Sources */,
				61A9EA5328C8913F0070C5AD /* State.swift in Sources */,
				612E2DD4296D88B0007AFE35 /* ListViewCell.swift in Sources */,
				612E2DE5296D9E1B007AFE35 /* EventController.swift in Sources */,
				612E2DE7296D9E6C007AFE35 /* EventPresenter.swift in Sources */,
				6172AEEA28CA052E00888452 /* DateRange.swift in Sources */,
				612E2DD0296D85C0007AFE35 /* UIView+Extensions.swift in Sources */,
				612E2DCB296D83A3007AFE35 /* NavigationController.swift in Sources */,
				612E2DD6296D8DEC007AFE35 /* ListController.swift in Sources */,
				612E2DCD296D850E007AFE35 /* ListView.swift in Sources */,
				61A9EA3A28C88EFF0070C5AD /* SceneDelegate.swift in Sources */,
				612E2DE0296D9C7A007AFE35 /* EventDescriptionCell.swift in Sources */,
			);
			runOnlyForDeploymentPostprocessing = 0;
		};
/* End PBXSourcesBuildPhase section */

/* Begin PBXVariantGroup section */
		61A9EA4528C88F050070C5AD /* LaunchScreen.storyboard */ = {
			isa = PBXVariantGroup;
			children = (
				61A9EA4628C88F050070C5AD /* Base */,
			);
			name = LaunchScreen.storyboard;
			sourceTree = "<group>";
		};
/* End PBXVariantGroup section */

/* Begin XCBuildConfiguration section */
		61A9EA4928C88F050070C5AD /* Debug */ = {
			isa = XCBuildConfiguration;
			buildSettings = {
				ALWAYS_SEARCH_USER_PATHS = NO;
				CLANG_ANALYZER_NONNULL = YES;
				CLANG_ANALYZER_NUMBER_OBJECT_CONVERSION = YES_AGGRESSIVE;
				CLANG_CXX_LANGUAGE_STANDARD = "gnu++17";
				CLANG_ENABLE_MODULES = YES;
				CLANG_ENABLE_OBJC_ARC = YES;
				CLANG_ENABLE_OBJC_WEAK = YES;
				CLANG_WARN_BLOCK_CAPTURE_AUTORELEASING = YES;
				CLANG_WARN_BOOL_CONVERSION = YES;
				CLANG_WARN_COMMA = YES;
				CLANG_WARN_CONSTANT_CONVERSION = YES;
				CLANG_WARN_DEPRECATED_OBJC_IMPLEMENTATIONS = YES;
				CLANG_WARN_DIRECT_OBJC_ISA_USAGE = YES_ERROR;
				CLANG_WARN_DOCUMENTATION_COMMENTS = YES;
				CLANG_WARN_EMPTY_BODY = YES;
				CLANG_WARN_ENUM_CONVERSION = YES;
				CLANG_WARN_INFINITE_RECURSION = YES;
				CLANG_WARN_INT_CONVERSION = YES;
				CLANG_WARN_NON_LITERAL_NULL_CONVERSION = YES;
				CLANG_WARN_OBJC_IMPLICIT_RETAIN_SELF = YES;
				CLANG_WARN_OBJC_LITERAL_CONVERSION = YES;
				CLANG_WARN_OBJC_ROOT_CLASS = YES_ERROR;
				CLANG_WARN_QUOTED_INCLUDE_IN_FRAMEWORK_HEADER = YES;
				CLANG_WARN_RANGE_LOOP_ANALYSIS = YES;
				CLANG_WARN_STRICT_PROTOTYPES = YES;
				CLANG_WARN_SUSPICIOUS_MOVE = YES;
				CLANG_WARN_UNGUARDED_AVAILABILITY = YES_AGGRESSIVE;
				CLANG_WARN_UNREACHABLE_CODE = YES;
				CLANG_WARN__DUPLICATE_METHOD_MATCH = YES;
				COPY_PHASE_STRIP = NO;
				DEBUG_INFORMATION_FORMAT = dwarf;
				ENABLE_STRICT_OBJC_MSGSEND = YES;
				ENABLE_TESTABILITY = YES;
				GCC_C_LANGUAGE_STANDARD = gnu11;
				GCC_DYNAMIC_NO_PIC = NO;
				GCC_NO_COMMON_BLOCKS = YES;
				GCC_OPTIMIZATION_LEVEL = 0;
				GCC_PREPROCESSOR_DEFINITIONS = (
					"DEBUG=1",
					"$(inherited)",
				);
				GCC_WARN_64_TO_32_BIT_CONVERSION = YES;
				GCC_WARN_ABOUT_RETURN_TYPE = YES_ERROR;
				GCC_WARN_UNDECLARED_SELECTOR = YES;
				GCC_WARN_UNINITIALIZED_AUTOS = YES_AGGRESSIVE;
				GCC_WARN_UNUSED_FUNCTION = YES;
				GCC_WARN_UNUSED_VARIABLE = YES;
				IPHONEOS_DEPLOYMENT_TARGET = 15.5;
				MTL_ENABLE_DEBUG_INFO = INCLUDE_SOURCE;
				MTL_FAST_MATH = YES;
				ONLY_ACTIVE_ARCH = YES;
				SDKROOT = iphoneos;
				SWIFT_ACTIVE_COMPILATION_CONDITIONS = DEBUG;
				SWIFT_OPTIMIZATION_LEVEL = "-Onone";
			};
			name = Debug;
		};
		61A9EA4A28C88F050070C5AD /* Release */ = {
			isa = XCBuildConfiguration;
			buildSettings = {
				ALWAYS_SEARCH_USER_PATHS = NO;
				CLANG_ANALYZER_NONNULL = YES;
				CLANG_ANALYZER_NUMBER_OBJECT_CONVERSION = YES_AGGRESSIVE;
				CLANG_CXX_LANGUAGE_STANDARD = "gnu++17";
				CLANG_ENABLE_MODULES = YES;
				CLANG_ENABLE_OBJC_ARC = YES;
				CLANG_ENABLE_OBJC_WEAK = YES;
				CLANG_WARN_BLOCK_CAPTURE_AUTORELEASING = YES;
				CLANG_WARN_BOOL_CONVERSION = YES;
				CLANG_WARN_COMMA = YES;
				CLANG_WARN_CONSTANT_CONVERSION = YES;
				CLANG_WARN_DEPRECATED_OBJC_IMPLEMENTATIONS = YES;
				CLANG_WARN_DIRECT_OBJC_ISA_USAGE = YES_ERROR;
				CLANG_WARN_DOCUMENTATION_COMMENTS = YES;
				CLANG_WARN_EMPTY_BODY = YES;
				CLANG_WARN_ENUM_CONVERSION = YES;
				CLANG_WARN_INFINITE_RECURSION = YES;
				CLANG_WARN_INT_CONVERSION = YES;
				CLANG_WARN_NON_LITERAL_NULL_CONVERSION = YES;
				CLANG_WARN_OBJC_IMPLICIT_RETAIN_SELF = YES;
				CLANG_WARN_OBJC_LITERAL_CONVERSION = YES;
				CLANG_WARN_OBJC_ROOT_CLASS = YES_ERROR;
				CLANG_WARN_QUOTED_INCLUDE_IN_FRAMEWORK_HEADER = YES;
				CLANG_WARN_RANGE_LOOP_ANALYSIS = YES;
				CLANG_WARN_STRICT_PROTOTYPES = YES;
				CLANG_WARN_SUSPICIOUS_MOVE = YES;
				CLANG_WARN_UNGUARDED_AVAILABILITY = YES_AGGRESSIVE;
				CLANG_WARN_UNREACHABLE_CODE = YES;
				CLANG_WARN__DUPLICATE_METHOD_MATCH = YES;
				COPY_PHASE_STRIP = NO;
				DEBUG_INFORMATION_FORMAT = "dwarf-with-dsym";
				ENABLE_NS_ASSERTIONS = NO;
				ENABLE_STRICT_OBJC_MSGSEND = YES;
				GCC_C_LANGUAGE_STANDARD = gnu11;
				GCC_NO_COMMON_BLOCKS = YES;
				GCC_WARN_64_TO_32_BIT_CONVERSION = YES;
				GCC_WARN_ABOUT_RETURN_TYPE = YES_ERROR;
				GCC_WARN_UNDECLARED_SELECTOR = YES;
				GCC_WARN_UNINITIALIZED_AUTOS = YES_AGGRESSIVE;
				GCC_WARN_UNUSED_FUNCTION = YES;
				GCC_WARN_UNUSED_VARIABLE = YES;
				IPHONEOS_DEPLOYMENT_TARGET = 15.5;
				MTL_ENABLE_DEBUG_INFO = NO;
				MTL_FAST_MATH = YES;
				SDKROOT = iphoneos;
				SWIFT_COMPILATION_MODE = wholemodule;
				SWIFT_OPTIMIZATION_LEVEL = "-O";
				VALIDATE_PRODUCT = YES;
			};
			name = Release;
		};
		61A9EA4C28C88F050070C5AD /* Debug */ = {
			isa = XCBuildConfiguration;
			buildSettings = {
				ASSETCATALOG_COMPILER_APPICON_NAME = AppIcon;
				ASSETCATALOG_COMPILER_GLOBAL_ACCENT_COLOR_NAME = AccentColor;
				CODE_SIGN_STYLE = Automatic;
				CURRENT_PROJECT_VERSION = 1;
				DEVELOPMENT_TEAM = 7WTLW784B9;
				GENERATE_INFOPLIST_FILE = YES;
				INFOPLIST_FILE = "FinalCountdown/Supporting Files/Info.plist";
				INFOPLIST_KEY_UIApplicationSupportsIndirectInputEvents = YES;
				INFOPLIST_KEY_UILaunchStoryboardName = LaunchScreen;
				INFOPLIST_KEY_UISupportedInterfaceOrientations = UIInterfaceOrientationPortrait;
				INFOPLIST_KEY_UISupportedInterfaceOrientations_iPad = "UIInterfaceOrientationLandscapeLeft UIInterfaceOrientationLandscapeRight UIInterfaceOrientationPortrait UIInterfaceOrientationPortraitUpsideDown";
				LD_RUNPATH_SEARCH_PATHS = (
					"$(inherited)",
					"@executable_path/Frameworks",
				);
				MARKETING_VERSION = 1.0;
				PRODUCT_BUNDLE_IDENTIFIER = com.Ilya.FinalCountdown;
				PRODUCT_NAME = "$(TARGET_NAME)";
				SUPPORTED_PLATFORMS = "iphoneos iphonesimulator";
				SUPPORTS_MACCATALYST = NO;
				SUPPORTS_MAC_DESIGNED_FOR_IPHONE_IPAD = NO;
				SWIFT_EMIT_LOC_STRINGS = YES;
				SWIFT_VERSION = 5.0;
				TARGETED_DEVICE_FAMILY = 1;
			};
			name = Debug;
		};
		61A9EA4D28C88F050070C5AD /* Release */ = {
			isa = XCBuildConfiguration;
			buildSettings = {
				ASSETCATALOG_COMPILER_APPICON_NAME = AppIcon;
				ASSETCATALOG_COMPILER_GLOBAL_ACCENT_COLOR_NAME = AccentColor;
				CODE_SIGN_STYLE = Automatic;
				CURRENT_PROJECT_VERSION = 1;
				DEVELOPMENT_TEAM = 7WTLW784B9;
				GENERATE_INFOPLIST_FILE = YES;
				INFOPLIST_FILE = "FinalCountdown/Supporting Files/Info.plist";
				INFOPLIST_KEY_UIApplicationSupportsIndirectInputEvents = YES;
				INFOPLIST_KEY_UILaunchStoryboardName = LaunchScreen;
				INFOPLIST_KEY_UISupportedInterfaceOrientations = UIInterfaceOrientationPortrait;
				INFOPLIST_KEY_UISupportedInterfaceOrientations_iPad = "UIInterfaceOrientationLandscapeLeft UIInterfaceOrientationLandscapeRight UIInterfaceOrientationPortrait UIInterfaceOrientationPortraitUpsideDown";
				LD_RUNPATH_SEARCH_PATHS = (
					"$(inherited)",
					"@executable_path/Frameworks",
				);
				MARKETING_VERSION = 1.0;
				PRODUCT_BUNDLE_IDENTIFIER = com.Ilya.FinalCountdown;
				PRODUCT_NAME = "$(TARGET_NAME)";
				SUPPORTED_PLATFORMS = "iphoneos iphonesimulator";
				SUPPORTS_MACCATALYST = NO;
				SUPPORTS_MAC_DESIGNED_FOR_IPHONE_IPAD = NO;
				SWIFT_EMIT_LOC_STRINGS = YES;
				SWIFT_VERSION = 5.0;
				TARGETED_DEVICE_FAMILY = 1;
			};
			name = Release;
		};
/* End XCBuildConfiguration section */

/* Begin XCConfigurationList section */
		61A9EA2F28C88EFF0070C5AD /* Build configuration list for PBXProject "FinalCountdown" */ = {
			isa = XCConfigurationList;
			buildConfigurations = (
				61A9EA4928C88F050070C5AD /* Debug */,
				61A9EA4A28C88F050070C5AD /* Release */,
			);
			defaultConfigurationIsVisible = 0;
			defaultConfigurationName = Release;
		};
		61A9EA4B28C88F050070C5AD /* Build configuration list for PBXNativeTarget "FinalCountdown" */ = {
			isa = XCConfigurationList;
			buildConfigurations = (
				61A9EA4C28C88F050070C5AD /* Debug */,
				61A9EA4D28C88F050070C5AD /* Release */,
			);
			defaultConfigurationIsVisible = 0;
			defaultConfigurationName = Release;
		};
/* End XCConfigurationList section */

/* Begin XCVersionGroup section */
		61A9EA4028C88EFF0070C5AD /* FinalCountdown.xcdatamodeld */ = {
			isa = XCVersionGroup;
			children = (
				61A9EA4128C88EFF0070C5AD /* FinalCountdown.xcdatamodel */,
			);
			currentVersion = 61A9EA4128C88EFF0070C5AD /* FinalCountdown.xcdatamodel */;
			path = FinalCountdown.xcdatamodeld;
			sourceTree = "<group>";
			versionGroupType = wrapper.xcdatamodel;
		};
/* End XCVersionGroup section */
	};
	rootObject = 61A9EA2C28C88EFF0070C5AD /* Project object */;
}
